
Microsoft Visual Studio Solution File, Format Version 12.00
# Visual Studio Version 16
VisualStudioVersion = 16.0.29009.5
MinimumVisualStudioVersion = 10.0.40219.1
Project("{FAE04EC0-301F-11D3-BF4B-00C04F79EFBC}") = "LightOut", "LightOut\LightOut.csproj", "{BA16D1B1-D68F-4E53-8EFC-6D9364960789}"
EndProject
Global
	GlobalSection(SolutionConfigurationPlatforms) = preSolution
		Debug|Any CPU = Debug|Any CPU
		Release|Any CPU = Release|Any CPU
	EndGlobalSection
	GlobalSection(ProjectConfigurationPlatforms) = postSolution
		{BA16D1B1-D68F-4E53-8EFC-6D9364960789}.Debug|Any CPU.ActiveCfg = Debug|Any CPU
		{BA16D1B1-D68F-4E53-8EFC-6D9364960789}.Debug|Any CPU.Build.0 = Debug|Any CPU
		{BA16D1B1-D68F-4E53-8EFC-6D9364960789}.Release|Any CPU.ActiveCfg = Release|Any CPU
		{BA16D1B1-D68F-4E53-8EFC-6D9364960789}.Release|Any CPU.Build.0 = Release|Any CPU
	EndGlobalSection
	GlobalSection(SolutionProperties) = preSolution
		HideSolutionNode = FALSE
	EndGlobalSection
	GlobalSection(ExtensibilityGlobals) = postSolution
		SolutionGuid = {BEC7766F-F73A-4EFC-995A-FC3ABBC569CB}
	EndGlobalSection
EndGlobal
